{
  "originHash" : "8f5ec091fe9e2e61431470d46ba64c893141febab3dae36b02e42707d05213d9",
  "pins" : [
    {
      "identity" : "client-sdk-swift-xcframework",
      "kind" : "remoteSourceControl",
      "location" : "https://github.com/livekit/client-sdk-swift-xcframework.git",
      "state" : {
        "revision" : "b9acf58a41b0c5ca896cd369347cc2ad66128c37",
        "version" : "2.14.1"
      }
    }
  ],
  "version" : 3
}
